
Microsoft Visual Studio Solution File, Format Version 12.00
# Visual Studio Version 16
VisualStudioVersion = 16.0.31729.503
MinimumVisualStudioVersion = 10.0.40219.1
Project("{8BC9CEB8-8B4A-11D0-8D11-00A0C91BC942}") = "Assignment", "Assignment.vcxproj", "{AABCE8A5-B520-4514-9910-3C025F3E3C88}"
EndProject
Global
	GlobalSection(SolutionConfigurationPlatforms) = preSolution
		Debug|x64 = Debug|x64
		Debug|x86 = Debug|x86
		Release|x64 = Release|x64
		Release|x86 = Release|x86
	EndGlobalSection
	GlobalSection(ProjectConfigurationPlatforms) = postSolution
		{AABCE8A5-B520-4514-9910-3C025F3E3C88}.Debug|x64.ActiveCfg = Debug|x64
		{AABCE8A5-B520-4514-9910-3C025F3E3C88}.Debug|x64.Build.0 = Debug|x64
		{AABCE8A5-B520-4514-9910-3C025F3E3C88}.Debug|x86.ActiveCfg = Debug|Win32
		{AABCE8A5-B520-4514-9910-3C025F3E3C88}.Debug|x86.Build.0 = Debug|Win32
		{AABCE8A5-B520-4514-9910-3C025F3E3C88}.Release|x64.ActiveCfg = Release|x64
		{AABCE8A5-B520-4514-9910-3C025F3E3C88}.Release|x64.Build.0 = Release|x64
		{AABCE8A5-B520-4514-9910-3C025F3E3C88}.Release|x86.ActiveCfg = Release|Win32
		{AABCE8A5-B520-4514-9910-3C025F3E3C88}.Release|x86.Build.0 = Release|Win32
	EndGlobalSection
	GlobalSection(SolutionProperties) = preSolution
		HideSolutionNode = FALSE
	EndGlobalSection
	GlobalSection(ExtensibilityGlobals) = postSolution
		SolutionGuid = {0F0FCCD3-DAE7-4CC7-88EA-C5615CD6ED83}
	EndGlobalSection
EndGlobal
