
Microsoft Visual Studio Solution File, Format Version 12.00
# Visual Studio Version 16
VisualStudioVersion = 16.0.31229.75
MinimumVisualStudioVersion = 10.0.40219.1
Project("{FAE04EC0-301F-11D3-BF4B-00C04F79EFBC}") = "Chap02_Indexer", "Chap02_Indexer\Chap02_Indexer.csproj", "{E24F35E4-0403-40C8-85BB-4EB493980DD8}"
EndProject
Project("{FAE04EC0-301F-11D3-BF4B-00C04F79EFBC}") = "Chap02_Property", "Chap02_Property\Chap02_Property.csproj", "{68212D98-6E54-4CC1-B29F-1D7EE28ED558}"
EndProject
Project("{FAE04EC0-301F-11D3-BF4B-00C04F79EFBC}") = "Chap02_Property2", "Chap02_Property2\Chap02_Property2.csproj", "{A418E190-5A60-4E4E-8003-550CF7125FAE}"
EndProject
Project("{FAE04EC0-301F-11D3-BF4B-00C04F79EFBC}") = "Chap03_RadioAndCheck", "Chap03_RadioAndCheck\Chap03_RadioAndCheck.csproj", "{AD368845-085B-440C-8704-4808E83687DE}"
EndProject
Project("{FAE04EC0-301F-11D3-BF4B-00C04F79EFBC}") = "Chap04_Dialog", "Chap04_Dialog\Chap04_Dialog.csproj", "{E99ABFD3-559A-48C1-BE71-A8DA25CCAA6A}"
EndProject
Project("{FAE04EC0-301F-11D3-BF4B-00C04F79EFBC}") = "Chap04_File", "Chap04_File\Chap04_File.csproj", "{D0D4A5DF-3769-42C0-81DA-F019273A3BCE}"
EndProject
Project("{FAE04EC0-301F-11D3-BF4B-00C04F79EFBC}") = "Chap04_Notepad", "Chap04_Notepad\Chap04_Notepad.csproj", "{934530E8-E6A5-4E54-988D-059812A19DB0}"
EndProject
Project("{FAE04EC0-301F-11D3-BF4B-00C04F79EFBC}") = "Chap04_Picture", "Chap04_Picture\Chap04_Picture.csproj", "{1AE12B3D-48F7-4AF0-944F-EA3F636C6687}"
EndProject
Project("{FAE04EC0-301F-11D3-BF4B-00C04F79EFBC}") = "Chap05_Explorer", "Chap05_Explorer\Chap05_Explorer.csproj", "{2B5A2ED4-520C-4EDC-AA8D-D0763B267240}"
EndProject
Project("{FAE04EC0-301F-11D3-BF4B-00C04F79EFBC}") = "Chap05_MDI", "Chap05_MDI\Chap05_MDI.csproj", "{5DC6F158-9A4A-408F-9047-7972F47AC8F2}"
EndProject
Project("{FAE04EC0-301F-11D3-BF4B-00C04F79EFBC}") = "Chap07_Explorer", "Chap07_Explorer\Chap07_Explorer.csproj", "{94191069-16B9-49FD-80BA-1A2154F289BB}"
EndProject
Project("{FAE04EC0-301F-11D3-BF4B-00C04F79EFBC}") = "Chap07_Modaless", "Chap07_Modaless\Chap07_Modaless.csproj", "{E03D4853-9AA2-49C2-B1F5-453654E77710}"
EndProject
Project("{FAE04EC0-301F-11D3-BF4B-00C04F79EFBC}") = "Hw2_Server", "Hw2_Server\Hw2_Server.csproj", "{35D24696-D445-453E-90FF-AC4106F887BD}"
EndProject
Project("{FAE04EC0-301F-11D3-BF4B-00C04F79EFBC}") = "Hw2_Client", "Hw2_Client\Hw2_Client.csproj", "{04FBE2DA-4AB4-4D29-A20D-06A716E00BD3}"
EndProject
Project("{2150E333-8FDC-42A3-9474-1A3956D46DE8}") = "Chapter", "Chapter", "{E8061067-8A18-4A72-89FD-9D1E569ADA70}"
EndProject
Project("{2150E333-8FDC-42A3-9474-1A3956D46DE8}") = "CatchMind", "CatchMind", "{E4A3293E-D8F9-44CD-B167-02A4626456ED}"
EndProject
Project("{FAE04EC0-301F-11D3-BF4B-00C04F79EFBC}") = "Hw2_Network", "Hw2_Network\Hw2_Network.csproj", "{D48212C4-74EE-4B62-BDA1-C20D8E537E6C}"
EndProject
Global
	GlobalSection(SolutionConfigurationPlatforms) = preSolution
		Debug|Any CPU = Debug|Any CPU
		Release|Any CPU = Release|Any CPU
	EndGlobalSection
	GlobalSection(ProjectConfigurationPlatforms) = postSolution
		{E24F35E4-0403-40C8-85BB-4EB493980DD8}.Debug|Any CPU.ActiveCfg = Debug|Any CPU
		{E24F35E4-0403-40C8-85BB-4EB493980DD8}.Debug|Any CPU.Build.0 = Debug|Any CPU
		{E24F35E4-0403-40C8-85BB-4EB493980DD8}.Release|Any CPU.ActiveCfg = Release|Any CPU
		{E24F35E4-0403-40C8-85BB-4EB493980DD8}.Release|Any CPU.Build.0 = Release|Any CPU
		{68212D98-6E54-4CC1-B29F-1D7EE28ED558}.Debug|Any CPU.ActiveCfg = Debug|Any CPU
		{68212D98-6E54-4CC1-B29F-1D7EE28ED558}.Debug|Any CPU.Build.0 = Debug|Any CPU
		{68212D98-6E54-4CC1-B29F-1D7EE28ED558}.Release|Any CPU.ActiveCfg = Release|Any CPU
		{68212D98-6E54-4CC1-B29F-1D7EE28ED558}.Release|Any CPU.Build.0 = Release|Any CPU
		{A418E190-5A60-4E4E-8003-550CF7125FAE}.Debug|Any CPU.ActiveCfg = Debug|Any CPU
		{A418E190-5A60-4E4E-8003-550CF7125FAE}.Debug|Any CPU.Build.0 = Debug|Any CPU
		{A418E190-5A60-4E4E-8003-550CF7125FAE}.Release|Any CPU.ActiveCfg = Release|Any CPU
		{A418E190-5A60-4E4E-8003-550CF7125FAE}.Release|Any CPU.Build.0 = Release|Any CPU
		{AD368845-085B-440C-8704-4808E83687DE}.Debug|Any CPU.ActiveCfg = Debug|Any CPU
		{AD368845-085B-440C-8704-4808E83687DE}.Debug|Any CPU.Build.0 = Debug|Any CPU
		{AD368845-085B-440C-8704-4808E83687DE}.Release|Any CPU.ActiveCfg = Release|Any CPU
		{AD368845-085B-440C-8704-4808E83687DE}.Release|Any CPU.Build.0 = Release|Any CPU
		{E99ABFD3-559A-48C1-BE71-A8DA25CCAA6A}.Debug|Any CPU.ActiveCfg = Debug|Any CPU
		{E99ABFD3-559A-48C1-BE71-A8DA25CCAA6A}.Debug|Any CPU.Build.0 = Debug|Any CPU
		{E99ABFD3-559A-48C1-BE71-A8DA25CCAA6A}.Release|Any CPU.ActiveCfg = Release|Any CPU
		{E99ABFD3-559A-48C1-BE71-A8DA25CCAA6A}.Release|Any CPU.Build.0 = Release|Any CPU
		{D0D4A5DF-3769-42C0-81DA-F019273A3BCE}.Debug|Any CPU.ActiveCfg = Debug|Any CPU
		{D0D4A5DF-3769-42C0-81DA-F019273A3BCE}.Debug|Any CPU.Build.0 = Debug|Any CPU
		{D0D4A5DF-3769-42C0-81DA-F019273A3BCE}.Release|Any CPU.ActiveCfg = Release|Any CPU
		{D0D4A5DF-3769-42C0-81DA-F019273A3BCE}.Release|Any CPU.Build.0 = Release|Any CPU
		{934530E8-E6A5-4E54-988D-059812A19DB0}.Debug|Any CPU.ActiveCfg = Debug|Any CPU
		{934530E8-E6A5-4E54-988D-059812A19DB0}.Debug|Any CPU.Build.0 = Debug|Any CPU
		{934530E8-E6A5-4E54-988D-059812A19DB0}.Release|Any CPU.ActiveCfg = Release|Any CPU
		{934530E8-E6A5-4E54-988D-059812A19DB0}.Release|Any CPU.Build.0 = Release|Any CPU
		{1AE12B3D-48F7-4AF0-944F-EA3F636C6687}.Debug|Any CPU.ActiveCfg = Debug|Any CPU
		{1AE12B3D-48F7-4AF0-944F-EA3F636C6687}.Debug|Any CPU.Build.0 = Debug|Any CPU
		{1AE12B3D-48F7-4AF0-944F-EA3F636C6687}.Release|Any CPU.ActiveCfg = Release|Any CPU
		{1AE12B3D-48F7-4AF0-944F-EA3F636C6687}.Release|Any CPU.Build.0 = Release|Any CPU
		{2B5A2ED4-520C-4EDC-AA8D-D0763B267240}.Debug|Any CPU.ActiveCfg = Debug|Any CPU
		{2B5A2ED4-520C-4EDC-AA8D-D0763B267240}.Debug|Any CPU.Build.0 = Debug|Any CPU
		{2B5A2ED4-520C-4EDC-AA8D-D0763B267240}.Release|Any CPU.ActiveCfg = Release|Any CPU
		{2B5A2ED4-520C-4EDC-AA8D-D0763B267240}.Release|Any CPU.Build.0 = Release|Any CPU
		{5DC6F158-9A4A-408F-9047-7972F47AC8F2}.Debug|Any CPU.ActiveCfg = Debug|Any CPU
		{5DC6F158-9A4A-408F-9047-7972F47AC8F2}.Debug|Any CPU.Build.0 = Debug|Any CPU
		{5DC6F158-9A4A-408F-9047-7972F47AC8F2}.Release|Any CPU.ActiveCfg = Release|Any CPU
		{5DC6F158-9A4A-408F-9047-7972F47AC8F2}.Release|Any CPU.Build.0 = Release|Any CPU
		{94191069-16B9-49FD-80BA-1A2154F289BB}.Debug|Any CPU.ActiveCfg = Debug|Any CPU
		{94191069-16B9-49FD-80BA-1A2154F289BB}.Debug|Any CPU.Build.0 = Debug|Any CPU
		{94191069-16B9-49FD-80BA-1A2154F289BB}.Release|Any CPU.ActiveCfg = Release|Any CPU
		{94191069-16B9-49FD-80BA-1A2154F289BB}.Release|Any CPU.Build.0 = Release|Any CPU
		{E03D4853-9AA2-49C2-B1F5-453654E77710}.Debug|Any CPU.ActiveCfg = Debug|Any CPU
		{E03D4853-9AA2-49C2-B1F5-453654E77710}.Debug|Any CPU.Build.0 = Debug|Any CPU
		{E03D4853-9AA2-49C2-B1F5-453654E77710}.Release|Any CPU.ActiveCfg = Release|Any CPU
		{E03D4853-9AA2-49C2-B1F5-453654E77710}.Release|Any CPU.Build.0 = Release|Any CPU
		{35D24696-D445-453E-90FF-AC4106F887BD}.Debug|Any CPU.ActiveCfg = Debug|Any CPU
		{35D24696-D445-453E-90FF-AC4106F887BD}.Debug|Any CPU.Build.0 = Debug|Any CPU
		{35D24696-D445-453E-90FF-AC4106F887BD}.Release|Any CPU.ActiveCfg = Release|Any CPU
		{35D24696-D445-453E-90FF-AC4106F887BD}.Release|Any CPU.Build.0 = Release|Any CPU
		{04FBE2DA-4AB4-4D29-A20D-06A716E00BD3}.Debug|Any CPU.ActiveCfg = Debug|Any CPU
		{04FBE2DA-4AB4-4D29-A20D-06A716E00BD3}.Debug|Any CPU.Build.0 = Debug|Any CPU
		{04FBE2DA-4AB4-4D29-A20D-06A716E00BD3}.Release|Any CPU.ActiveCfg = Release|Any CPU
		{04FBE2DA-4AB4-4D29-A20D-06A716E00BD3}.Release|Any CPU.Build.0 = Release|Any CPU
		{D48212C4-74EE-4B62-BDA1-C20D8E537E6C}.Debug|Any CPU.ActiveCfg = Debug|Any CPU
		{D48212C4-74EE-4B62-BDA1-C20D8E537E6C}.Debug|Any CPU.Build.0 = Debug|Any CPU
		{D48212C4-74EE-4B62-BDA1-C20D8E537E6C}.Release|Any CPU.ActiveCfg = Release|Any CPU
		{D48212C4-74EE-4B62-BDA1-C20D8E537E6C}.Release|Any CPU.Build.0 = Release|Any CPU
	EndGlobalSection
	GlobalSection(SolutionProperties) = preSolution
		HideSolutionNode = FALSE
	EndGlobalSection
	GlobalSection(NestedProjects) = preSolution
		{E24F35E4-0403-40C8-85BB-4EB493980DD8} = {E8061067-8A18-4A72-89FD-9D1E569ADA70}
		{68212D98-6E54-4CC1-B29F-1D7EE28ED558} = {E8061067-8A18-4A72-89FD-9D1E569ADA70}
		{A418E190-5A60-4E4E-8003-550CF7125FAE} = {E8061067-8A18-4A72-89FD-9D1E569ADA70}
		{AD368845-085B-440C-8704-4808E83687DE} = {E8061067-8A18-4A72-89FD-9D1E569ADA70}
		{E99ABFD3-559A-48C1-BE71-A8DA25CCAA6A} = {E8061067-8A18-4A72-89FD-9D1E569ADA70}
		{D0D4A5DF-3769-42C0-81DA-F019273A3BCE} = {E8061067-8A18-4A72-89FD-9D1E569ADA70}
		{934530E8-E6A5-4E54-988D-059812A19DB0} = {E8061067-8A18-4A72-89FD-9D1E569ADA70}
		{1AE12B3D-48F7-4AF0-944F-EA3F636C6687} = {E8061067-8A18-4A72-89FD-9D1E569ADA70}
		{2B5A2ED4-520C-4EDC-AA8D-D0763B267240} = {E8061067-8A18-4A72-89FD-9D1E569ADA70}
		{5DC6F158-9A4A-408F-9047-7972F47AC8F2} = {E8061067-8A18-4A72-89FD-9D1E569ADA70}
		{94191069-16B9-49FD-80BA-1A2154F289BB} = {E8061067-8A18-4A72-89FD-9D1E569ADA70}
		{E03D4853-9AA2-49C2-B1F5-453654E77710} = {E8061067-8A18-4A72-89FD-9D1E569ADA70}
		{35D24696-D445-453E-90FF-AC4106F887BD} = {E4A3293E-D8F9-44CD-B167-02A4626456ED}
		{04FBE2DA-4AB4-4D29-A20D-06A716E00BD3} = {E4A3293E-D8F9-44CD-B167-02A4626456ED}
		{D48212C4-74EE-4B62-BDA1-C20D8E537E6C} = {E4A3293E-D8F9-44CD-B167-02A4626456ED}
	EndGlobalSection
	GlobalSection(ExtensibilityGlobals) = postSolution
		SolutionGuid = {07E1DA19-2FE8-4C3A-8B56-8FD75F365752}
	EndGlobalSection
EndGlobal
